
Microsoft Visual Studio Solution File, Format Version 12.00
# Visual Studio 15
VisualStudioVersion = 15.0.27703.2000
MinimumVisualStudioVersion = 10.0.40219.1
Project("{FAE04EC0-301F-11D3-BF4B-00C04F79EFBC}") = "Conditionalattributes", "C_Sharp.Net_Advanced Topics\Conditionalattributes.csproj", "{D9747BA0-74DC-41E2-A06A-1FFB69A63AB9}"
EndProject
Project("{FAE04EC0-301F-11D3-BF4B-00C04F79EFBC}") = "Obsoleteattributes", "Obsoleteattributes\Obsoleteattributes.csproj", "{B9E6B02B-3442-4A7B-ABC9-A8ED99391734}"
EndProject
Project("{FAE04EC0-301F-11D3-BF4B-00C04F79EFBC}") = "properties", "properties\properties.csproj", "{ABC33571-6572-49E9-AD34-527A89FFDBD7}"
EndProject
Project("{FAE04EC0-301F-11D3-BF4B-00C04F79EFBC}") = "AbstractProperties", "AbstractProperties\AbstractProperties.csproj", "{AF372D4D-F96A-4D4F-B719-5D3CA77E3F90}"
EndProject
Project("{FAE04EC0-301F-11D3-BF4B-00C04F79EFBC}") = "IndexerApplication", "IndexerApplication\IndexerApplication.csproj", "{325280A7-CD8D-477D-97F1-2E8190911EFB}"
EndProject
Project("{FAE04EC0-301F-11D3-BF4B-00C04F79EFBC}") = "OverloadedIndexersApplication", "OverloadedIndexersApplication\OverloadedIndexersApplication.csproj", "{B85908E3-FB85-4A9F-A197-5879A47E6F61}"
EndProject
Project("{FAE04EC0-301F-11D3-BF4B-00C04F79EFBC}") = "DelegateAppl", "DelegateAppl\DelegateAppl.csproj", "{0E08553F-67C7-48D3-945E-C36A9600556C}"
EndProject
Project("{FAE04EC0-301F-11D3-BF4B-00C04F79EFBC}") = "DelegateAppl1", "DelegateAppl1\DelegateAppl1.csproj", "{E1B91065-90DA-4FC7-BB50-4444506F224C}"
EndProject
Project("{FAE04EC0-301F-11D3-BF4B-00C04F79EFBC}") = "EventsSampleApp", "EventsSampleApp\EventsSampleApp.csproj", "{64B63CD3-CAFA-40F0-86A8-BE5BC508B7C7}"
EndProject
Project("{FAE04EC0-301F-11D3-BF4B-00C04F79EFBC}") = "CollectionApplication", "ConsoleApp1\CollectionApplication.csproj", "{C5E31EB4-E997-4437-9701-1C2E92D661E0}"
EndProject
Project("{FAE04EC0-301F-11D3-BF4B-00C04F79EFBC}") = "CollectionsApplication1", "CollectionsApplication1\CollectionsApplication1.csproj", "{8B71873F-F5AC-41AC-AC86-4142019EB3DE}"
EndProject
Project("{FAE04EC0-301F-11D3-BF4B-00C04F79EFBC}") = "CollectionsApplication2", "CollectionsApplication2\CollectionsApplication2.csproj", "{8E9B1469-37BA-416A-BBBE-53FB0A01E1A9}"
EndProject
Project("{FAE04EC0-301F-11D3-BF4B-00C04F79EFBC}") = "CollectionsApplication3", "CollectionsApplication3\CollectionsApplication3.csproj", "{BF3D72C4-1FCC-4B1E-8105-31F3C4F0EA5B}"
EndProject
Project("{FAE04EC0-301F-11D3-BF4B-00C04F79EFBC}") = "CollectionsApplication4", "CollectionsApplication4\CollectionsApplication4.csproj", "{5F854F27-9DC7-4786-B607-51C97915A910}"
EndProject
Project("{FAE04EC0-301F-11D3-BF4B-00C04F79EFBC}") = "CollectionsApplication5", "CollectionsApplication5\CollectionsApplication5.csproj", "{14C58373-9841-4CF7-ABCC-68C6CB64797B}"
EndProject
Project("{FAE04EC0-301F-11D3-BF4B-00C04F79EFBC}") = "GenericApplication", "GenericApplication\GenericApplication.csproj", "{0C886065-5414-41B7-B6AA-C9FF684D73AB}"
EndProject
Project("{FAE04EC0-301F-11D3-BF4B-00C04F79EFBC}") = "GenericMethodAppl", "GenericMethodAppl\GenericMethodAppl.csproj", "{DC09D313-FB7D-48BD-B571-E40925C4E959}"
EndProject
Project("{FAE04EC0-301F-11D3-BF4B-00C04F79EFBC}") = "GenericDelegateAppl", "GenericDelegateAppl\GenericDelegateAppl.csproj", "{C075FF6E-FA91-4B68-A664-48D56E7365F5}"
EndProject
Project("{FAE04EC0-301F-11D3-BF4B-00C04F79EFBC}") = "AnnoDelegateAppl", "AnnoDelegateAppl\AnnoDelegateAppl.csproj", "{55623258-F987-4572-87B1-AE44E40265D7}"
EndProject
Project("{FAE04EC0-301F-11D3-BF4B-00C04F79EFBC}") = "UnsafeCodeApplication", "UnsafeCodeApplication\UnsafeCodeApplication.csproj", "{6484A1C6-9F23-43D1-B4EA-274D16554D4E}"
EndProject
Project("{FAE04EC0-301F-11D3-BF4B-00C04F79EFBC}") = "UnsafeCodeApplication1", "UnsafeCodeApplication1\UnsafeCodeApplication1.csproj", "{D50467E8-0D6A-49E5-9057-11D5F6CB6EF7}"
EndProject
Project("{FAE04EC0-301F-11D3-BF4B-00C04F79EFBC}") = "UnsafeCodeApplication2", "UnsafeCodeApplication2\UnsafeCodeApplication2.csproj", "{E6844435-AA3C-44E3-954F-D078881CE1BA}"
EndProject
Project("{FAE04EC0-301F-11D3-BF4B-00C04F79EFBC}") = "UnsafeCodeApplication3", "UnsafeCodeApplication3\UnsafeCodeApplication3.csproj", "{F00DA0C8-8EC7-42D4-B1F0-57DC6325199F}"
EndProject
Project("{FAE04EC0-301F-11D3-BF4B-00C04F79EFBC}") = "MultithreadingApplication", "MultithreadingApplication\MultithreadingApplication.csproj", "{5B5B91CF-0C8C-4B08-A3F2-3A4A18F8034A}"
EndProject
Project("{FAE04EC0-301F-11D3-BF4B-00C04F79EFBC}") = "MultithreadingApplication1", "MultithreadingApplication1\MultithreadingApplication1.csproj", "{B5FE36AE-966E-4614-A27B-B671FC17A7EC}"
EndProject
Project("{FAE04EC0-301F-11D3-BF4B-00C04F79EFBC}") = "MultithreadingApplication2", "MultithreadingApplication2\MultithreadingApplication2.csproj", "{1CC30762-54D2-4585-AB52-A90B191AC42F}"
EndProject
Project("{FAE04EC0-301F-11D3-BF4B-00C04F79EFBC}") = "MultithreadingApplication3", "MultithreadingApplication3\MultithreadingApplication3.csproj", "{BB10A7E6-2F2C-4139-AEEE-A099A81B9C69}"
EndProject
Global
	GlobalSection(SolutionConfigurationPlatforms) = preSolution
		Debug|Any CPU = Debug|Any CPU
		Release|Any CPU = Release|Any CPU
	EndGlobalSection
	GlobalSection(ProjectConfigurationPlatforms) = postSolution
		{D9747BA0-74DC-41E2-A06A-1FFB69A63AB9}.Debug|Any CPU.ActiveCfg = Debug|Any CPU
		{D9747BA0-74DC-41E2-A06A-1FFB69A63AB9}.Debug|Any CPU.Build.0 = Debug|Any CPU
		{D9747BA0-74DC-41E2-A06A-1FFB69A63AB9}.Release|Any CPU.ActiveCfg = Release|Any CPU
		{D9747BA0-74DC-41E2-A06A-1FFB69A63AB9}.Release|Any CPU.Build.0 = Release|Any CPU
		{B9E6B02B-3442-4A7B-ABC9-A8ED99391734}.Debug|Any CPU.ActiveCfg = Debug|Any CPU
		{B9E6B02B-3442-4A7B-ABC9-A8ED99391734}.Debug|Any CPU.Build.0 = Debug|Any CPU
		{B9E6B02B-3442-4A7B-ABC9-A8ED99391734}.Release|Any CPU.ActiveCfg = Release|Any CPU
		{B9E6B02B-3442-4A7B-ABC9-A8ED99391734}.Release|Any CPU.Build.0 = Release|Any CPU
		{ABC33571-6572-49E9-AD34-527A89FFDBD7}.Debug|Any CPU.ActiveCfg = Debug|Any CPU
		{ABC33571-6572-49E9-AD34-527A89FFDBD7}.Debug|Any CPU.Build.0 = Debug|Any CPU
		{ABC33571-6572-49E9-AD34-527A89FFDBD7}.Release|Any CPU.ActiveCfg = Release|Any CPU
		{ABC33571-6572-49E9-AD34-527A89FFDBD7}.Release|Any CPU.Build.0 = Release|Any CPU
		{AF372D4D-F96A-4D4F-B719-5D3CA77E3F90}.Debug|Any CPU.ActiveCfg = Debug|Any CPU
		{AF372D4D-F96A-4D4F-B719-5D3CA77E3F90}.Debug|Any CPU.Build.0 = Debug|Any CPU
		{AF372D4D-F96A-4D4F-B719-5D3CA77E3F90}.Release|Any CPU.ActiveCfg = Release|Any CPU
		{AF372D4D-F96A-4D4F-B719-5D3CA77E3F90}.Release|Any CPU.Build.0 = Release|Any CPU
		{325280A7-CD8D-477D-97F1-2E8190911EFB}.Debug|Any CPU.ActiveCfg = Debug|Any CPU
		{325280A7-CD8D-477D-97F1-2E8190911EFB}.Debug|Any CPU.Build.0 = Debug|Any CPU
		{325280A7-CD8D-477D-97F1-2E8190911EFB}.Release|Any CPU.ActiveCfg = Release|Any CPU
		{325280A7-CD8D-477D-97F1-2E8190911EFB}.Release|Any CPU.Build.0 = Release|Any CPU
		{B85908E3-FB85-4A9F-A197-5879A47E6F61}.Debug|Any CPU.ActiveCfg = Debug|Any CPU
		{B85908E3-FB85-4A9F-A197-5879A47E6F61}.Debug|Any CPU.Build.0 = Debug|Any CPU
		{B85908E3-FB85-4A9F-A197-5879A47E6F61}.Release|Any CPU.ActiveCfg = Release|Any CPU
		{B85908E3-FB85-4A9F-A197-5879A47E6F61}.Release|Any CPU.Build.0 = Release|Any CPU
		{0E08553F-67C7-48D3-945E-C36A9600556C}.Debug|Any CPU.ActiveCfg = Debug|Any CPU
		{0E08553F-67C7-48D3-945E-C36A9600556C}.Debug|Any CPU.Build.0 = Debug|Any CPU
		{0E08553F-67C7-48D3-945E-C36A9600556C}.Release|Any CPU.ActiveCfg = Release|Any CPU
		{0E08553F-67C7-48D3-945E-C36A9600556C}.Release|Any CPU.Build.0 = Release|Any CPU
		{E1B91065-90DA-4FC7-BB50-4444506F224C}.Debug|Any CPU.ActiveCfg = Debug|Any CPU
		{E1B91065-90DA-4FC7-BB50-4444506F224C}.Debug|Any CPU.Build.0 = Debug|Any CPU
		{E1B91065-90DA-4FC7-BB50-4444506F224C}.Release|Any CPU.ActiveCfg = Release|Any CPU
		{E1B91065-90DA-4FC7-BB50-4444506F224C}.Release|Any CPU.Build.0 = Release|Any CPU
		{64B63CD3-CAFA-40F0-86A8-BE5BC508B7C7}.Debug|Any CPU.ActiveCfg = Debug|Any CPU
		{64B63CD3-CAFA-40F0-86A8-BE5BC508B7C7}.Debug|Any CPU.Build.0 = Debug|Any CPU
		{64B63CD3-CAFA-40F0-86A8-BE5BC508B7C7}.Release|Any CPU.ActiveCfg = Release|Any CPU
		{64B63CD3-CAFA-40F0-86A8-BE5BC508B7C7}.Release|Any CPU.Build.0 = Release|Any CPU
		{C5E31EB4-E997-4437-9701-1C2E92D661E0}.Debug|Any CPU.ActiveCfg = Debug|Any CPU
		{C5E31EB4-E997-4437-9701-1C2E92D661E0}.Debug|Any CPU.Build.0 = Debug|Any CPU
		{C5E31EB4-E997-4437-9701-1C2E92D661E0}.Release|Any CPU.ActiveCfg = Release|Any CPU
		{C5E31EB4-E997-4437-9701-1C2E92D661E0}.Release|Any CPU.Build.0 = Release|Any CPU
		{8B71873F-F5AC-41AC-AC86-4142019EB3DE}.Debug|Any CPU.ActiveCfg = Debug|Any CPU
		{8B71873F-F5AC-41AC-AC86-4142019EB3DE}.Debug|Any CPU.Build.0 = Debug|Any CPU
		{8B71873F-F5AC-41AC-AC86-4142019EB3DE}.Release|Any CPU.ActiveCfg = Release|Any CPU
		{8B71873F-F5AC-41AC-AC86-4142019EB3DE}.Release|Any CPU.Build.0 = Release|Any CPU
		{8E9B1469-37BA-416A-BBBE-53FB0A01E1A9}.Debug|Any CPU.ActiveCfg = Debug|Any CPU
		{8E9B1469-37BA-416A-BBBE-53FB0A01E1A9}.Debug|Any CPU.Build.0 = Debug|Any CPU
		{8E9B1469-37BA-416A-BBBE-53FB0A01E1A9}.Release|Any CPU.ActiveCfg = Release|Any CPU
		{8E9B1469-37BA-416A-BBBE-53FB0A01E1A9}.Release|Any CPU.Build.0 = Release|Any CPU
		{BF3D72C4-1FCC-4B1E-8105-31F3C4F0EA5B}.Debug|Any CPU.ActiveCfg = Debug|Any CPU
		{BF3D72C4-1FCC-4B1E-8105-31F3C4F0EA5B}.Debug|Any CPU.Build.0 = Debug|Any CPU
		{BF3D72C4-1FCC-4B1E-8105-31F3C4F0EA5B}.Release|Any CPU.ActiveCfg = Release|Any CPU
		{BF3D72C4-1FCC-4B1E-8105-31F3C4F0EA5B}.Release|Any CPU.Build.0 = Release|Any CPU
		{5F854F27-9DC7-4786-B607-51C97915A910}.Debug|Any CPU.ActiveCfg = Debug|Any CPU
		{5F854F27-9DC7-4786-B607-51C97915A910}.Debug|Any CPU.Build.0 = Debug|Any CPU
		{5F854F27-9DC7-4786-B607-51C97915A910}.Release|Any CPU.ActiveCfg = Release|Any CPU
		{5F854F27-9DC7-4786-B607-51C97915A910}.Release|Any CPU.Build.0 = Release|Any CPU
		{14C58373-9841-4CF7-ABCC-68C6CB64797B}.Debug|Any CPU.ActiveCfg = Debug|Any CPU
		{14C58373-9841-4CF7-ABCC-68C6CB64797B}.Debug|Any CPU.Build.0 = Debug|Any CPU
		{14C58373-9841-4CF7-ABCC-68C6CB64797B}.Release|Any CPU.ActiveCfg = Release|Any CPU
		{14C58373-9841-4CF7-ABCC-68C6CB64797B}.Release|Any CPU.Build.0 = Release|Any CPU
		{0C886065-5414-41B7-B6AA-C9FF684D73AB}.Debug|Any CPU.ActiveCfg = Debug|Any CPU
		{0C886065-5414-41B7-B6AA-C9FF684D73AB}.Debug|Any CPU.Build.0 = Debug|Any CPU
		{0C886065-5414-41B7-B6AA-C9FF684D73AB}.Release|Any CPU.ActiveCfg = Release|Any CPU
		{0C886065-5414-41B7-B6AA-C9FF684D73AB}.Release|Any CPU.Build.0 = Release|Any CPU
		{DC09D313-FB7D-48BD-B571-E40925C4E959}.Debug|Any CPU.ActiveCfg = Debug|Any CPU
		{DC09D313-FB7D-48BD-B571-E40925C4E959}.Debug|Any CPU.Build.0 = Debug|Any CPU
		{DC09D313-FB7D-48BD-B571-E40925C4E959}.Release|Any CPU.ActiveCfg = Release|Any CPU
		{DC09D313-FB7D-48BD-B571-E40925C4E959}.Release|Any CPU.Build.0 = Release|Any CPU
		{C075FF6E-FA91-4B68-A664-48D56E7365F5}.Debug|Any CPU.ActiveCfg = Debug|Any CPU
		{C075FF6E-FA91-4B68-A664-48D56E7365F5}.Debug|Any CPU.Build.0 = Debug|Any CPU
		{C075FF6E-FA91-4B68-A664-48D56E7365F5}.Release|Any CPU.ActiveCfg = Release|Any CPU
		{C075FF6E-FA91-4B68-A664-48D56E7365F5}.Release|Any CPU.Build.0 = Release|Any CPU
		{55623258-F987-4572-87B1-AE44E40265D7}.Debug|Any CPU.ActiveCfg = Debug|Any CPU
		{55623258-F987-4572-87B1-AE44E40265D7}.Debug|Any CPU.Build.0 = Debug|Any CPU
		{55623258-F987-4572-87B1-AE44E40265D7}.Release|Any CPU.ActiveCfg = Release|Any CPU
		{55623258-F987-4572-87B1-AE44E40265D7}.Release|Any CPU.Build.0 = Release|Any CPU
		{6484A1C6-9F23-43D1-B4EA-274D16554D4E}.Debug|Any CPU.ActiveCfg = Debug|Any CPU
		{6484A1C6-9F23-43D1-B4EA-274D16554D4E}.Debug|Any CPU.Build.0 = Debug|Any CPU
		{6484A1C6-9F23-43D1-B4EA-274D16554D4E}.Release|Any CPU.ActiveCfg = Release|Any CPU
		{6484A1C6-9F23-43D1-B4EA-274D16554D4E}.Release|Any CPU.Build.0 = Release|Any CPU
		{D50467E8-0D6A-49E5-9057-11D5F6CB6EF7}.Debug|Any CPU.ActiveCfg = Debug|Any CPU
		{D50467E8-0D6A-49E5-9057-11D5F6CB6EF7}.Debug|Any CPU.Build.0 = Debug|Any CPU
		{D50467E8-0D6A-49E5-9057-11D5F6CB6EF7}.Release|Any CPU.ActiveCfg = Release|Any CPU
		{D50467E8-0D6A-49E5-9057-11D5F6CB6EF7}.Release|Any CPU.Build.0 = Release|Any CPU
		{E6844435-AA3C-44E3-954F-D078881CE1BA}.Debug|Any CPU.ActiveCfg = Debug|Any CPU
		{E6844435-AA3C-44E3-954F-D078881CE1BA}.Debug|Any CPU.Build.0 = Debug|Any CPU
		{E6844435-AA3C-44E3-954F-D078881CE1BA}.Release|Any CPU.ActiveCfg = Release|Any CPU
		{E6844435-AA3C-44E3-954F-D078881CE1BA}.Release|Any CPU.Build.0 = Release|Any CPU
		{F00DA0C8-8EC7-42D4-B1F0-57DC6325199F}.Debug|Any CPU.ActiveCfg = Debug|Any CPU
		{F00DA0C8-8EC7-42D4-B1F0-57DC6325199F}.Debug|Any CPU.Build.0 = Debug|Any CPU
		{F00DA0C8-8EC7-42D4-B1F0-57DC6325199F}.Release|Any CPU.ActiveCfg = Release|Any CPU
		{F00DA0C8-8EC7-42D4-B1F0-57DC6325199F}.Release|Any CPU.Build.0 = Release|Any CPU
		{5B5B91CF-0C8C-4B08-A3F2-3A4A18F8034A}.Debug|Any CPU.ActiveCfg = Debug|Any CPU
		{5B5B91CF-0C8C-4B08-A3F2-3A4A18F8034A}.Debug|Any CPU.Build.0 = Debug|Any CPU
		{5B5B91CF-0C8C-4B08-A3F2-3A4A18F8034A}.Release|Any CPU.ActiveCfg = Release|Any CPU
		{5B5B91CF-0C8C-4B08-A3F2-3A4A18F8034A}.Release|Any CPU.Build.0 = Release|Any CPU
		{B5FE36AE-966E-4614-A27B-B671FC17A7EC}.Debug|Any CPU.ActiveCfg = Debug|Any CPU
		{B5FE36AE-966E-4614-A27B-B671FC17A7EC}.Debug|Any CPU.Build.0 = Debug|Any CPU
		{B5FE36AE-966E-4614-A27B-B671FC17A7EC}.Release|Any CPU.ActiveCfg = Release|Any CPU
		{B5FE36AE-966E-4614-A27B-B671FC17A7EC}.Release|Any CPU.Build.0 = Release|Any CPU
		{1CC30762-54D2-4585-AB52-A90B191AC42F}.Debug|Any CPU.ActiveCfg = Debug|Any CPU
		{1CC30762-54D2-4585-AB52-A90B191AC42F}.Debug|Any CPU.Build.0 = Debug|Any CPU
		{1CC30762-54D2-4585-AB52-A90B191AC42F}.Release|Any CPU.ActiveCfg = Release|Any CPU
		{1CC30762-54D2-4585-AB52-A90B191AC42F}.Release|Any CPU.Build.0 = Release|Any CPU
		{BB10A7E6-2F2C-4139-AEEE-A099A81B9C69}.Debug|Any CPU.ActiveCfg = Debug|Any CPU
		{BB10A7E6-2F2C-4139-AEEE-A099A81B9C69}.Debug|Any CPU.Build.0 = Debug|Any CPU
		{BB10A7E6-2F2C-4139-AEEE-A099A81B9C69}.Release|Any CPU.ActiveCfg = Release|Any CPU
		{BB10A7E6-2F2C-4139-AEEE-A099A81B9C69}.Release|Any CPU.Build.0 = Release|Any CPU
	EndGlobalSection
	GlobalSection(SolutionProperties) = preSolution
		HideSolutionNode = FALSE
	EndGlobalSection
	GlobalSection(ExtensibilityGlobals) = postSolution
		SolutionGuid = {8BC96D4B-5E00-4D56-961A-4E26E774421C}
	EndGlobalSection
EndGlobal
